{
  "version": 4,
  "terraform_version": "1.15.2",
  "serial": 10,
  "lineage": "9070b124-b653-bebd-58aa-c44c096072c8",
  "outputs": {
    "resource_group_name": {
      "value": "jd-drift-demo-rg",
      "type": "string"
    },
    "storage_account_name": {
      "value": "jdthanudriftstg12345",
      "type": "string"
    },
    "web_app_name": {
      "value": "jd-thanu-drift-web-app",
      "type": "string"
    }
  },
  "resources": [
    {
      "mode": "managed",
      "type": "azurerm_linux_web_app",
      "name": "webapp",
      "provider": "provider[\"registry.terraform.io/hashicorp/azurerm\"]",
      "instances": [
        {
          "schema_version": 1,
          "attributes": {
            "app_settings": {},
            "auth_settings": [
              {
                "active_directory": [],
                "additional_login_parameters": {},
                "allowed_external_redirect_urls": [],
                "default_provider": "",
                "enabled": false,
                "facebook": [],
                "github": [],
                "google": [],
                "issuer": "",
                "microsoft": [],
                "runtime_version": "",
                "token_refresh_extension_hours": 0,
                "token_store_enabled": false,
                "twitter": [],
                "unauthenticated_client_action": ""
              }
            ],
            "auth_settings_v2": [],
            "backup": [],
            "client_affinity_enabled": false,
            "client_certificate_enabled": false,
            "client_certificate_exclusion_paths": "",
            "client_certificate_mode": "Required",
            "connection_string": [],
            "custom_domain_verification_id": "126B767A5121CE1AE2C7C86D1D2D572ED396EC15F5ABD0DF119A64000ACD1B66",
            "default_hostname": "jd-thanu-drift-web-app.azurewebsites.net",
            "enabled": true,
            "ftp_publish_basic_authentication_enabled": true,
            "hosting_environment_id": "",
            "https_only": true,
            "id": "/subscriptions/5989c502-2330-4d91-b86c-78a102728614/resourceGroups/jd-drift-demo-rg/providers/Microsoft.Web/sites/jd-thanu-drift-web-app",
            "identity": [],
            "key_vault_reference_identity_id": "SystemAssigned",
            "kind": "app,linux",
            "location": "swedencentral",
            "logs": [],
            "name": "jd-thanu-drift-web-app",
            "outbound_ip_address_list": [
              "74.241.232.88",
              "74.241.233.230",
              "74.241.234.44",
              "135.225.243.83",
              "135.225.243.101",
              "135.225.246.239",
              "51.12.31.13"
            ],
            "outbound_ip_addresses": "74.241.232.88,74.241.233.230,74.241.234.44,135.225.243.83,135.225.243.101,135.225.246.239,51.12.31.13",
            "possible_outbound_ip_address_list": [
              "74.241.235.122",
              "74.241.236.28",
              "135.225.243.212",
              "74.241.236.61",
              "135.225.244.35",
              "135.225.244.38",
              "4.225.43.66",
              "20.240.36.81",
              "20.240.36.91",
              "20.240.36.138",
              "135.225.242.237",
              "135.225.242.66",
              "135.225.242.209",
              "135.225.244.44",
              "135.225.244.182",
              "135.225.245.59",
              "135.225.246.86",
              "135.225.247.174",
              "74.241.232.88",
              "74.241.233.230",
              "74.241.234.44",
              "135.225.243.83",
              "135.225.243.101",
              "135.225.246.239",
              "74.241.236.124",
              "74.241.236.144",
              "74.241.236.244",
              "74.241.237.82",
              "74.241.237.168",
              "135.225.243.93",
              "51.12.31.13"
            ],
            "possible_outbound_ip_addresses": "74.241.235.122,74.241.236.28,135.225.243.212,74.241.236.61,135.225.244.35,135.225.244.38,4.225.43.66,20.240.36.81,20.240.36.91,20.240.36.138,135.225.242.237,135.225.242.66,135.225.242.209,135.225.244.44,135.225.244.182,135.225.245.59,135.225.246.86,135.225.247.174,74.241.232.88,74.241.233.230,74.241.234.44,135.225.243.83,135.225.243.101,135.225.246.239,74.241.236.124,74.241.236.144,74.241.236.244,74.241.237.82,74.241.237.168,135.225.243.93,51.12.31.13",
            "public_network_access_enabled": true,
            "resource_group_name": "jd-drift-demo-rg",
            "service_plan_id": "/subscriptions/5989c502-2330-4d91-b86c-78a102728614/resourceGroups/jd-drift-demo-rg/providers/Microsoft.Web/serverFarms/jd-drift-app-plan",
            "site_config": [
              {
                "always_on": false,
                "api_definition_url": "",
                "api_management_api_id": "",
                "app_command_line": "",
                "application_stack": [
                  {
                    "docker_image_name": "",
                    "docker_registry_password": "",
                    "docker_registry_url": "",
                    "docker_registry_username": "",
                    "dotnet_version": "",
                    "go_version": "",
                    "java_server": "",
                    "java_server_version": "",
                    "java_version": "",
                    "node_version": "18-lts",
                    "php_version": "",
                    "python_version": "",
                    "ruby_version": ""
                  }
                ],
                "auto_heal_setting": [],
                "container_registry_managed_identity_client_id": "",
                "container_registry_use_managed_identity": false,
                "cors": [],
                "default_documents": [
                  "Default.htm",
                  "Default.html",
                  "Default.asp",
                  "index.htm",
                  "index.html",
                  "iisstart.htm",
                  "default.aspx",
                  "index.php",
                  "hostingstart.html"
                ],
                "detailed_error_logging_enabled": false,
                "ftps_state": "Disabled",
                "health_check_eviction_time_in_min": 0,
                "health_check_path": "",
                "http2_enabled": false,
                "ip_restriction": [],
                "ip_restriction_default_action": "Allow",
                "linux_fx_version": "NODE|18-lts",
                "load_balancing_mode": "LeastRequests",
                "local_mysql_enabled": false,
                "managed_pipeline_mode": "Integrated",
                "minimum_tls_cipher_suite": "",
                "minimum_tls_version": "1.2",
                "remote_debugging_enabled": false,
                "remote_debugging_version": "VS2022",
                "scm_ip_restriction": [],
                "scm_ip_restriction_default_action": "Allow",
                "scm_minimum_tls_version": "1.2",
                "scm_type": "None",
                "scm_use_main_ip_restriction": false,
                "use_32_bit_worker": true,
                "vnet_route_all_enabled": false,
                "websockets_enabled": false,
                "worker_count": 1
              }
            ],
            "site_credential": [
              {
                "name": "$jd-thanu-drift-web-app",
                "password": "cPHuoWgqfQ6B4NKuyWMe4eCC9YbixbPDJ86BmqQ2XLckFpHjfACX0bQnMAlL"
              }
            ],
            "sticky_settings": [],
            "storage_account": [],
            "tags": {
              "Environment": "Dev",
              "ManagedBy": "Terraform"
            },
            "timeouts": null,
            "virtual_network_backup_restore_enabled": false,
            "virtual_network_subnet_id": "",
            "vnet_image_pull_enabled": false,
            "webdeploy_publish_basic_authentication_enabled": true,
            "zip_deploy_file": ""
          },
          "sensitive_attributes": [
            [
              {
                "type": "get_attr",
                "value": "custom_domain_verification_id"
              }
            ],
            [
              {
                "type": "get_attr",
                "value": "site_config"
              },
              {
                "type": "index",
                "value": {
                  "value": 0,
                  "type": "number"
                }
              },
              {
                "type": "get_attr",
                "value": "application_stack"
              },
              {
                "type": "index",
                "value": {
                  "value": 0,
                  "type": "number"
                }
              },
              {
                "type": "get_attr",
                "value": "docker_registry_password"
              }
            ],
            [
              {
                "type": "get_attr",
                "value": "site_credential"
              }
            ]
          ],
          "identity_schema_version": 0,
          "private": "eyJlMmJmYjczMC1lY2FhLTExZTYtOGY4OC0zNDM2M2JjN2M0YzAiOnsiY3JlYXRlIjoxODAwMDAwMDAwMDAwLCJkZWxldGUiOjE4MDAwMDAwMDAwMDAsInJlYWQiOjMwMDAwMDAwMDAwMCwidXBkYXRlIjoxODAwMDAwMDAwMDAwfSwic2NoZW1hX3ZlcnNpb24iOiIxIn0=",
          "dependencies": [
            "azurerm_resource_group.rg",
            "azurerm_service_plan.plan",
            "azurerm_storage_account.storage",
            "time_sleep.wait_for_plan",
            "time_sleep.wait_for_storage"
          ]
        }
      ]
    },
    {
      "mode": "managed",
      "type": "azurerm_resource_group",
      "name": "rg",
      "provider": "provider[\"registry.terraform.io/hashicorp/azurerm\"]",
      "instances": [
        {
          "schema_version": 0,
          "attributes": {
            "id": "/subscriptions/5989c502-2330-4d91-b86c-78a102728614/resourceGroups/jd-drift-demo-rg",
            "location": "swedencentral",
            "managed_by": "",
            "name": "jd-drift-demo-rg",
            "tags": {},
            "timeouts": null
          },
          "sensitive_attributes": [],
          "identity_schema_version": 0,
          "identity": {
            "name": "jd-drift-demo-rg",
            "subscription_id": "5989c502-2330-4d91-b86c-78a102728614"
          },
          "private": "eyJlMmJmYjczMC1lY2FhLTExZTYtOGY4OC0zNDM2M2JjN2M0YzAiOnsiY3JlYXRlIjo1NDAwMDAwMDAwMDAwLCJkZWxldGUiOjU0MDAwMDAwMDAwMDAsInJlYWQiOjMwMDAwMDAwMDAwMCwidXBkYXRlIjo1NDAwMDAwMDAwMDAwfX0="
        }
      ]
    },
    {
      "mode": "managed",
      "type": "azurerm_service_plan",
      "name": "plan",
      "provider": "provider[\"registry.terraform.io/hashicorp/azurerm\"]",
      "instances": [
        {
          "schema_version": 1,
          "attributes": {
            "app_service_environment_id": "",
            "id": "/subscriptions/5989c502-2330-4d91-b86c-78a102728614/resourceGroups/jd-drift-demo-rg/providers/Microsoft.Web/serverFarms/jd-drift-app-plan",
            "kind": "linux",
            "location": "swedencentral",
            "maximum_elastic_worker_count": 1,
            "name": "jd-drift-app-plan",
            "os_type": "Linux",
            "per_site_scaling_enabled": false,
            "premium_plan_auto_scale_enabled": false,
            "reserved": true,
            "resource_group_name": "jd-drift-demo-rg",
            "sku_name": "B1",
            "tags": {
              "Environment": "Dev",
              "ManagedBy": "Terraform"
            },
            "timeouts": null,
            "worker_count": 1,
            "zone_balancing_enabled": false
          },
          "sensitive_attributes": [],
          "identity_schema_version": 0,
          "identity": {
            "name": "jd-drift-app-plan",
            "resource_group_name": "jd-drift-demo-rg",
            "subscription_id": "5989c502-2330-4d91-b86c-78a102728614"
          },
          "private": "eyJlMmJmYjczMC1lY2FhLTExZTYtOGY4OC0zNDM2M2JjN2M0YzAiOnsiY3JlYXRlIjozNjAwMDAwMDAwMDAwLCJkZWxldGUiOjM2MDAwMDAwMDAwMDAsInJlYWQiOjMwMDAwMDAwMDAwMCwidXBkYXRlIjozNjAwMDAwMDAwMDAwfSwic2NoZW1hX3ZlcnNpb24iOiIxIn0=",
          "dependencies": [
            "azurerm_resource_group.rg",
            "azurerm_storage_account.storage",
            "time_sleep.wait_for_storage"
          ]
        }
      ]
    },
    {
      "mode": "managed",
      "type": "azurerm_storage_account",
      "name": "storage",
      "provider": "provider[\"registry.terraform.io/hashicorp/azurerm\"]",
      "instances": [
        {
          "schema_version": 4,
          "attributes": {
            "access_tier": "Hot",
            "account_kind": "StorageV2",
            "account_replication_type": "GRS",
            "account_tier": "Standard",
            "allow_nested_items_to_be_public": true,
            "allowed_copy_scope": "",
            "azure_files_authentication": [],
            "blob_properties": [
              {
                "change_feed_enabled": false,
                "change_feed_retention_in_days": 0,
                "container_delete_retention_policy": [],
                "cors_rule": [],
                "default_service_version": "",
                "delete_retention_policy": [],
                "last_access_time_enabled": false,
                "restore_policy": [],
                "versioning_enabled": false
              }
            ],
            "cross_tenant_replication_enabled": false,
            "custom_domain": [],
            "customer_managed_key": [],
            "default_to_oauth_authentication": false,
            "dns_endpoint_type": "Standard",
            "edge_zone": "",
            "https_traffic_only_enabled": true,
            "id": "/subscriptions/5989c502-2330-4d91-b86c-78a102728614/resourceGroups/jd-drift-demo-rg/providers/Microsoft.Storage/storageAccounts/jdthanudriftstg12345",
            "identity": [],
            "immutability_policy": [],
            "infrastructure_encryption_enabled": false,
            "is_hns_enabled": false,
            "large_file_share_enabled": false,
            "local_user_enabled": true,
            "location": "swedencentral",
            "min_tls_version": "TLS1_2",
            "name": "jdthanudriftstg12345",
            "network_rules": [],
            "nfsv3_enabled": false,
            "primary_access_key": "5z/Ko78VX+lwB41Gb4QTrhTuDux926l2CwZbZ1zGFN6bycs8zJbn4goy6j5sUnDPGhCzpHBuyYCi+AStzTTtDw==",
            "primary_blob_connection_string": "DefaultEndpointsProtocol=https;BlobEndpoint=https://jdthanudriftstg12345.blob.core.windows.net/;AccountName=jdthanudriftstg12345;AccountKey=5z/Ko78VX+lwB41Gb4QTrhTuDux926l2CwZbZ1zGFN6bycs8zJbn4goy6j5sUnDPGhCzpHBuyYCi+AStzTTtDw==",
            "primary_blob_endpoint": "https://jdthanudriftstg12345.blob.core.windows.net/",
            "primary_blob_host": "jdthanudriftstg12345.blob.core.windows.net",
            "primary_blob_internet_endpoint": "",
            "primary_blob_internet_host": "",
            "primary_blob_microsoft_endpoint": "",
            "primary_blob_microsoft_host": "",
            "primary_connection_string": "DefaultEndpointsProtocol=https;AccountName=jdthanudriftstg12345;AccountKey=5z/Ko78VX+lwB41Gb4QTrhTuDux926l2CwZbZ1zGFN6bycs8zJbn4goy6j5sUnDPGhCzpHBuyYCi+AStzTTtDw==;EndpointSuffix=core.windows.net",
            "primary_dfs_endpoint": "https://jdthanudriftstg12345.dfs.core.windows.net/",
            "primary_dfs_host": "jdthanudriftstg12345.dfs.core.windows.net",
            "primary_dfs_internet_endpoint": "",
            "primary_dfs_internet_host": "",
            "primary_dfs_microsoft_endpoint": "",
            "primary_dfs_microsoft_host": "",
            "primary_file_endpoint": "https://jdthanudriftstg12345.file.core.windows.net/",
            "primary_file_host": "jdthanudriftstg12345.file.core.windows.net",
            "primary_file_internet_endpoint": "",
            "primary_file_internet_host": "",
            "primary_file_microsoft_endpoint": "",
            "primary_file_microsoft_host": "",
            "primary_location": "swedencentral",
            "primary_queue_endpoint": "https://jdthanudriftstg12345.queue.core.windows.net/",
            "primary_queue_host": "jdthanudriftstg12345.queue.core.windows.net",
            "primary_queue_microsoft_endpoint": "",
            "primary_queue_microsoft_host": "",
            "primary_table_endpoint": "https://jdthanudriftstg12345.table.core.windows.net/",
            "primary_table_host": "jdthanudriftstg12345.table.core.windows.net",
            "primary_table_microsoft_endpoint": "",
            "primary_table_microsoft_host": "",
            "primary_web_endpoint": "https://jdthanudriftstg12345.z1.web.core.windows.net/",
            "primary_web_host": "jdthanudriftstg12345.z1.web.core.windows.net",
            "primary_web_internet_endpoint": "",
            "primary_web_internet_host": "",
            "primary_web_microsoft_endpoint": "",
            "primary_web_microsoft_host": "",
            "provisioned_billing_model_version": "",
            "public_network_access_enabled": true,
            "queue_encryption_key_type": "Service",
            "queue_properties": [
              {
                "cors_rule": [],
                "hour_metrics": [
                  {
                    "enabled": false,
                    "include_apis": false,
                    "retention_policy_days": 0,
                    "version": "1.0"
                  }
                ],
                "logging": [
                  {
                    "delete": false,
                    "read": false,
                    "retention_policy_days": 0,
                    "version": "1.0",
                    "write": false
                  }
                ],
                "minute_metrics": [
                  {
                    "enabled": false,
                    "include_apis": false,
                    "retention_policy_days": 0,
                    "version": "1.0"
                  }
                ]
              }
            ],
            "resource_group_name": "jd-drift-demo-rg",
            "routing": [],
            "sas_policy": [],
            "secondary_access_key": "34IvgpG+/iAa+SpB4ebp8AbYRzWMxQR4R9Y5Fy3e+YgevlAgnHsIIsHQNQOqpKFQe00CeHHamUMP+AStFKOw+w==",
            "secondary_blob_connection_string": "",
            "secondary_blob_endpoint": "",
            "secondary_blob_host": "",
            "secondary_blob_internet_endpoint": "",
            "secondary_blob_internet_host": "",
            "secondary_blob_microsoft_endpoint": "",
            "secondary_blob_microsoft_host": "",
            "secondary_connection_string": "DefaultEndpointsProtocol=https;AccountName=jdthanudriftstg12345;AccountKey=34IvgpG+/iAa+SpB4ebp8AbYRzWMxQR4R9Y5Fy3e+YgevlAgnHsIIsHQNQOqpKFQe00CeHHamUMP+AStFKOw+w==;EndpointSuffix=core.windows.net",
            "secondary_dfs_endpoint": "",
            "secondary_dfs_host": "",
            "secondary_dfs_internet_endpoint": "",
            "secondary_dfs_internet_host": "",
            "secondary_dfs_microsoft_endpoint": "",
            "secondary_dfs_microsoft_host": "",
            "secondary_file_endpoint": "",
            "secondary_file_host": "",
            "secondary_file_internet_endpoint": "",
            "secondary_file_internet_host": "",
            "secondary_file_microsoft_endpoint": "",
            "secondary_file_microsoft_host": "",
            "secondary_location": "swedensouth",
            "secondary_queue_endpoint": "",
            "secondary_queue_host": "",
            "secondary_queue_microsoft_endpoint": "",
            "secondary_queue_microsoft_host": "",
            "secondary_table_endpoint": "",
            "secondary_table_host": "",
            "secondary_table_microsoft_endpoint": "",
            "secondary_table_microsoft_host": "",
            "secondary_web_endpoint": "",
            "secondary_web_host": "",
            "secondary_web_internet_endpoint": "",
            "secondary_web_internet_host": "",
            "secondary_web_microsoft_endpoint": "",
            "secondary_web_microsoft_host": "",
            "sftp_enabled": false,
            "share_properties": [
              {
                "cors_rule": [],
                "retention_policy": [
                  {
                    "days": 7
                  }
                ],
                "smb": []
              }
            ],
            "shared_access_key_enabled": true,
            "static_website": [],
            "table_encryption_key_type": "Service",
            "tags": {
              "Environment": "Dev",
              "ManagedBy": "Terraform"
            },
            "timeouts": null
          },
          "sensitive_attributes": [
            [
              {
                "type": "get_attr",
                "value": "primary_access_key"
              }
            ],
            [
              {
                "type": "get_attr",
                "value": "primary_blob_connection_string"
              }
            ],
            [
              {
                "type": "get_attr",
                "value": "primary_connection_string"
              }
            ],
            [
              {
                "type": "get_attr",
                "value": "secondary_access_key"
              }
            ],
            [
              {
                "type": "get_attr",
                "value": "secondary_blob_connection_string"
              }
            ],
            [
              {
                "type": "get_attr",
                "value": "secondary_connection_string"
              }
            ]
          ],
          "identity_schema_version": 0,
          "identity": {
            "name": "jdthanudriftstg12345",
            "resource_group_name": "jd-drift-demo-rg",
            "subscription_id": "5989c502-2330-4d91-b86c-78a102728614"
          },
          "private": "eyJlMmJmYjczMC1lY2FhLTExZTYtOGY4OC0zNDM2M2JjN2M0YzAiOnsiY3JlYXRlIjozNjAwMDAwMDAwMDAwLCJkZWxldGUiOjM2MDAwMDAwMDAwMDAsInJlYWQiOjMwMDAwMDAwMDAwMCwidXBkYXRlIjozNjAwMDAwMDAwMDAwfSwic2NoZW1hX3ZlcnNpb24iOiI0In0=",
          "dependencies": [
            "azurerm_resource_group.rg"
          ]
        }
      ]
    },
    {
      "mode": "managed",
      "type": "time_sleep",
      "name": "wait_for_plan",
      "provider": "provider[\"registry.terraform.io/hashicorp/time\"]",
      "instances": [
        {
          "schema_version": 0,
          "attributes": {
            "create_duration": "90s",
            "destroy_duration": null,
            "id": "2026-06-09T04:48:04Z",
            "triggers": null
          },
          "sensitive_attributes": [],
          "identity_schema_version": 0,
          "dependencies": [
            "azurerm_resource_group.rg",
            "azurerm_service_plan.plan",
            "azurerm_storage_account.storage",
            "time_sleep.wait_for_storage"
          ]
        }
      ]
    },
    {
      "mode": "managed",
      "type": "time_sleep",
      "name": "wait_for_storage",
      "provider": "provider[\"registry.terraform.io/hashicorp/time\"]",
      "instances": [
        {
          "schema_version": 0,
          "attributes": {
            "create_duration": "60s",
            "destroy_duration": null,
            "id": "2026-06-09T04:46:14Z",
            "triggers": null
          },
          "sensitive_attributes": [],
          "identity_schema_version": 0,
          "dependencies": [
            "azurerm_resource_group.rg",
            "azurerm_storage_account.storage"
          ]
        }
      ]
    }
  ],
  "check_results": null
}
