{
  "version": 4,
  "terraform_version": "1.15.2",
  "serial": 2,
  "lineage": "36597428-8e22-7640-471c-24a2a2b6300e",
  "outputs": {},
  "resources": [
    {
      "mode": "managed",
      "type": "azurerm_resource_group",
      "name": "rg",
      "provider": "provider[\"registry.terraform.io/hashicorp/azurerm\"]",
      "instances": [
        {
          "schema_version": 0,
          "attributes": {
            "id": "/subscriptions/5989c502-2330-4d91-b86c-78a102728614/resourceGroups/jd-drift-demo-rg",
            "location": "swedencentral",
            "managed_by": "",
            "name": "jd-drift-demo-rg",
            "tags": {},
            "timeouts": null
          },
          "sensitive_attributes": [],
          "identity_schema_version": 0,
          "identity": {
            "name": "jd-drift-demo-rg",
            "subscription_id": "5989c502-2330-4d91-b86c-78a102728614"
          },
          "private": "eyJlMmJmYjczMC1lY2FhLTExZTYtOGY4OC0zNDM2M2JjN2M0YzAiOnsiY3JlYXRlIjo1NDAwMDAwMDAwMDAwLCJkZWxldGUiOjU0MDAwMDAwMDAwMDAsInJlYWQiOjMwMDAwMDAwMDAwMCwidXBkYXRlIjo1NDAwMDAwMDAwMDAwfSwic2NoZW1hX3ZlcnNpb24iOiIwIn0="
        }
      ]
    },
    {
      "mode": "managed",
      "type": "azurerm_virtual_network",
      "name": "vnet",
      "provider": "provider[\"registry.terraform.io/hashicorp/azurerm\"]",
      "instances": [
        {
          "schema_version": 0,
          "attributes": {
            "address_space": [
              "10.0.0.0/16"
            ],
            "bgp_community": "",
            "ddos_protection_plan": [],
            "dns_servers": [],
            "edge_zone": "",
            "encryption": [],
            "flow_timeout_in_minutes": 0,
            "guid": "88dc431f-7508-429c-839c-58600bb3f091",
            "id": "/subscriptions/5989c502-2330-4d91-b86c-78a102728614/resourceGroups/jd-drift-demo-rg/providers/Microsoft.Network/virtualNetworks/jd-drift-vnet",
            "ip_address_pool": [],
            "location": "swedencentral",
            "name": "jd-drift-vnet",
            "private_endpoint_vnet_policies": "Disabled",
            "resource_group_name": "jd-drift-demo-rg",
            "subnet": [
              {
                "address_prefixes": [
                  "10.0.0.0/24"
                ],
                "default_outbound_access_enabled": false,
                "delegation": [],
                "id": "/subscriptions/5989c502-2330-4d91-b86c-78a102728614/resourceGroups/jd-drift-demo-rg/providers/Microsoft.Network/virtualNetworks/jd-drift-vnet/subnets/default",
                "name": "default",
                "private_endpoint_network_policies": "Disabled",
                "private_link_service_network_policies_enabled": true,
                "route_table_id": "",
                "security_group": "",
                "service_endpoint_policy_ids": [],
                "service_endpoints": []
              }
            ],
            "tags": {},
            "timeouts": null
          },
          "sensitive_attributes": [],
          "identity_schema_version": 0,
          "identity": {
            "name": "jd-drift-vnet",
            "resource_group_name": "jd-drift-demo-rg",
            "subscription_id": "5989c502-2330-4d91-b86c-78a102728614"
          },
          "private": "eyJlMmJmYjczMC1lY2FhLTExZTYtOGY4OC0zNDM2M2JjN2M0YzAiOnsiY3JlYXRlIjoxODAwMDAwMDAwMDAwLCJkZWxldGUiOjE4MDAwMDAwMDAwMDAsInJlYWQiOjMwMDAwMDAwMDAwMCwidXBkYXRlIjoxODAwMDAwMDAwMDAwfSwic2NoZW1hX3ZlcnNpb24iOiIwIn0="
        }
      ]
    }
  ],
  "check_results": null
}
